
Microsoft Visual Studio Solution File, Format Version 12.00
# Visual Studio Version 16
VisualStudioVersion = 16.0.29409.12
MinimumVisualStudioVersion = 10.0.40219.1
Project("{FAE04EC0-301F-11D3-BF4B-00C04F79EFBC}") = "Chapter6ProgramOddEven", "Chapter6ProgramOddEven\Chapter6ProgramOddEven.csproj", "{CA103201-5D79-4680-AB15-7C3F5077ADF1}"
EndProject
Global
	GlobalSection(SolutionConfigurationPlatforms) = preSolution
		Debug|Any CPU = Debug|Any CPU
		Release|Any CPU = Release|Any CPU
	EndGlobalSection
	GlobalSection(ProjectConfigurationPlatforms) = postSolution
		{CA103201-5D79-4680-AB15-7C3F5077ADF1}.Debug|Any CPU.ActiveCfg = Debug|Any CPU
		{CA103201-5D79-4680-AB15-7C3F5077ADF1}.Debug|Any CPU.Build.0 = Debug|Any CPU
		{CA103201-5D79-4680-AB15-7C3F5077ADF1}.Release|Any CPU.ActiveCfg = Release|Any CPU
		{CA103201-5D79-4680-AB15-7C3F5077ADF1}.Release|Any CPU.Build.0 = Release|Any CPU
	EndGlobalSection
	GlobalSection(SolutionProperties) = preSolution
		HideSolutionNode = FALSE
	EndGlobalSection
	GlobalSection(ExtensibilityGlobals) = postSolution
		SolutionGuid = {3366A2EA-D3A0-4D32-9892-FED677256C2E}
	EndGlobalSection
EndGlobal
