
Microsoft Visual Studio Solution File, Format Version 12.00
# Visual Studio Version 16
VisualStudioVersion = 16.0.29409.12
MinimumVisualStudioVersion = 10.0.40219.1
Project("{FAE04EC0-301F-11D3-BF4B-00C04F79EFBC}") = "Chapter2Program1", "Chapter2Program1\Chapter2Program1.csproj", "{3B610D92-F6EC-4310-AAE3-81808A2A2BF7}"
EndProject
Global
	GlobalSection(SolutionConfigurationPlatforms) = preSolution
		Debug|Any CPU = Debug|Any CPU
		Release|Any CPU = Release|Any CPU
	EndGlobalSection
	GlobalSection(ProjectConfigurationPlatforms) = postSolution
		{3B610D92-F6EC-4310-AAE3-81808A2A2BF7}.Debug|Any CPU.ActiveCfg = Debug|Any CPU
		{3B610D92-F6EC-4310-AAE3-81808A2A2BF7}.Debug|Any CPU.Build.0 = Debug|Any CPU
		{3B610D92-F6EC-4310-AAE3-81808A2A2BF7}.Release|Any CPU.ActiveCfg = Release|Any CPU
		{3B610D92-F6EC-4310-AAE3-81808A2A2BF7}.Release|Any CPU.Build.0 = Release|Any CPU
	EndGlobalSection
	GlobalSection(SolutionProperties) = preSolution
		HideSolutionNode = FALSE
	EndGlobalSection
	GlobalSection(ExtensibilityGlobals) = postSolution
		SolutionGuid = {37F6BC91-531E-4721-9961-1A7564F52F33}
	EndGlobalSection
EndGlobal
