
Microsoft Visual Studio Solution File, Format Version 12.00
# Visual Studio Version 16
VisualStudioVersion = 16.0.29409.12
MinimumVisualStudioVersion = 10.0.40219.1
Project("{FAE04EC0-301F-11D3-BF4B-00C04F79EFBC}") = "Chapter7ProgramTableofSquare", "Chapter7ProgramTableofSquare\Chapter7ProgramTableofSquare.csproj", "{98B3ACF2-675C-4B1C-A9E1-95DABB2AC01D}"
EndProject
Global
	GlobalSection(SolutionConfigurationPlatforms) = preSolution
		Debug|Any CPU = Debug|Any CPU
		Release|Any CPU = Release|Any CPU
	EndGlobalSection
	GlobalSection(ProjectConfigurationPlatforms) = postSolution
		{98B3ACF2-675C-4B1C-A9E1-95DABB2AC01D}.Debug|Any CPU.ActiveCfg = Debug|Any CPU
		{98B3ACF2-675C-4B1C-A9E1-95DABB2AC01D}.Debug|Any CPU.Build.0 = Debug|Any CPU
		{98B3ACF2-675C-4B1C-A9E1-95DABB2AC01D}.Release|Any CPU.ActiveCfg = Release|Any CPU
		{98B3ACF2-675C-4B1C-A9E1-95DABB2AC01D}.Release|Any CPU.Build.0 = Release|Any CPU
	EndGlobalSection
	GlobalSection(SolutionProperties) = preSolution
		HideSolutionNode = FALSE
	EndGlobalSection
	GlobalSection(ExtensibilityGlobals) = postSolution
		SolutionGuid = {6E582324-8952-4BE9-BE26-C6174CAA15E7}
	EndGlobalSection
EndGlobal
